
Microsoft Visual Studio Solution File, Format Version 12.00
# Visual Studio Version 17
VisualStudioVersion = 17.3.32825.248
MinimumVisualStudioVersion = 10.0.40219.1
Project("{9A19103F-16F7-4668-BE54-9A1E7A4F7556}") = "Accounting", "Accounting.csproj", "{D0417B1E-A020-4954-8EEE-3DB0AE0B2EF2}"
EndProject
Project("{FAE04EC0-301F-11D3-BF4B-00C04F79EFBC}") = "Accounting.Tests", "..\Accounting.Tests\Accounting.Tests.csproj", "{126DEF74-6CD8-430C-AE2E-67CEDADEE66C}"
EndProject
Global
	GlobalSection(SolutionConfigurationPlatforms) = preSolution
		Debug|Any CPU = Debug|Any CPU
		Debug|x64 = Debug|x64
		Debug|x86 = Debug|x86
		Release|Any CPU = Release|Any CPU
		Release|x64 = Release|x64
		Release|x86 = Release|x86
		x64|Any CPU = x64|Any CPU
		x64|x64 = x64|x64
		x64|x86 = x64|x86
		x86|Any CPU = x86|Any CPU
		x86|x64 = x86|x64
		x86|x86 = x86|x86
	EndGlobalSection
	GlobalSection(ProjectConfigurationPlatforms) = postSolution
		{D0417B1E-A020-4954-8EEE-3DB0AE0B2EF2}.Debug|Any CPU.ActiveCfg = Debug|Any CPU
		{D0417B1E-A020-4954-8EEE-3DB0AE0B2EF2}.Debug|Any CPU.Build.0 = Debug|Any CPU
		{D0417B1E-A020-4954-8EEE-3DB0AE0B2EF2}.Debug|x64.ActiveCfg = Debug|x64
		{D0417B1E-A020-4954-8EEE-3DB0AE0B2EF2}.Debug|x64.Build.0 = Debug|x64
		{D0417B1E-A020-4954-8EEE-3DB0AE0B2EF2}.Debug|x86.ActiveCfg = Debug|Any CPU
		{D0417B1E-A020-4954-8EEE-3DB0AE0B2EF2}.Debug|x86.Build.0 = Debug|Any CPU
		{D0417B1E-A020-4954-8EEE-3DB0AE0B2EF2}.Release|Any CPU.ActiveCfg = Release|Any CPU
		{D0417B1E-A020-4954-8EEE-3DB0AE0B2EF2}.Release|Any CPU.Build.0 = Release|Any CPU
		{D0417B1E-A020-4954-8EEE-3DB0AE0B2EF2}.Release|x64.ActiveCfg = Release|x64
		{D0417B1E-A020-4954-8EEE-3DB0AE0B2EF2}.Release|x64.Build.0 = Release|x64
		{D0417B1E-A020-4954-8EEE-3DB0AE0B2EF2}.Release|x86.ActiveCfg = Release|Any CPU
		{D0417B1E-A020-4954-8EEE-3DB0AE0B2EF2}.Release|x86.Build.0 = Release|Any CPU
		{D0417B1E-A020-4954-8EEE-3DB0AE0B2EF2}.x64|Any CPU.ActiveCfg = Release|Any CPU
		{D0417B1E-A020-4954-8EEE-3DB0AE0B2EF2}.x64|Any CPU.Build.0 = Release|Any CPU
		{D0417B1E-A020-4954-8EEE-3DB0AE0B2EF2}.x64|x64.ActiveCfg = Release|x64
		{D0417B1E-A020-4954-8EEE-3DB0AE0B2EF2}.x64|x64.Build.0 = Release|x64
		{D0417B1E-A020-4954-8EEE-3DB0AE0B2EF2}.x64|x86.ActiveCfg = Release|Any CPU
		{D0417B1E-A020-4954-8EEE-3DB0AE0B2EF2}.x64|x86.Build.0 = Release|Any CPU
		{D0417B1E-A020-4954-8EEE-3DB0AE0B2EF2}.x86|Any CPU.ActiveCfg = Release|Any CPU
		{D0417B1E-A020-4954-8EEE-3DB0AE0B2EF2}.x86|Any CPU.Build.0 = Release|Any CPU
		{D0417B1E-A020-4954-8EEE-3DB0AE0B2EF2}.x86|x64.ActiveCfg = Release|x64
		{D0417B1E-A020-4954-8EEE-3DB0AE0B2EF2}.x86|x64.Build.0 = Release|x64
		{D0417B1E-A020-4954-8EEE-3DB0AE0B2EF2}.x86|x86.ActiveCfg = Release|Any CPU
		{D0417B1E-A020-4954-8EEE-3DB0AE0B2EF2}.x86|x86.Build.0 = Release|Any CPU
		{126DEF74-6CD8-430C-AE2E-67CEDADEE66C}.Debug|Any CPU.ActiveCfg = Debug|Any CPU
		{126DEF74-6CD8-430C-AE2E-67CEDADEE66C}.Debug|Any CPU.Build.0 = Debug|Any CPU
		{126DEF74-6CD8-430C-AE2E-67CEDADEE66C}.Debug|x64.ActiveCfg = Debug|Any CPU
		{126DEF74-6CD8-430C-AE2E-67CEDADEE66C}.Debug|x64.Build.0 = Debug|Any CPU
		{126DEF74-6CD8-430C-AE2E-67CEDADEE66C}.Debug|x86.ActiveCfg = Debug|Any CPU
		{126DEF74-6CD8-430C-AE2E-67CEDADEE66C}.Debug|x86.Build.0 = Debug|Any CPU
		{126DEF74-6CD8-430C-AE2E-67CEDADEE66C}.Release|Any CPU.ActiveCfg = Release|Any CPU
		{126DEF74-6CD8-430C-AE2E-67CEDADEE66C}.Release|Any CPU.Build.0 = Release|Any CPU
		{126DEF74-6CD8-430C-AE2E-67CEDADEE66C}.Release|x64.ActiveCfg = Release|Any CPU
		{126DEF74-6CD8-430C-AE2E-67CEDADEE66C}.Release|x64.Build.0 = Release|Any CPU
		{126DEF74-6CD8-430C-AE2E-67CEDADEE66C}.Release|x86.ActiveCfg = Release|Any CPU
		{126DEF74-6CD8-430C-AE2E-67CEDADEE66C}.Release|x86.Build.0 = Release|Any CPU
		{126DEF74-6CD8-430C-AE2E-67CEDADEE66C}.x64|Any CPU.ActiveCfg = Debug|Any CPU
		{126DEF74-6CD8-430C-AE2E-67CEDADEE66C}.x64|Any CPU.Build.0 = Debug|Any CPU
		{126DEF74-6CD8-430C-AE2E-67CEDADEE66C}.x64|x64.ActiveCfg = Debug|Any CPU
		{126DEF74-6CD8-430C-AE2E-67CEDADEE66C}.x64|x64.Build.0 = Debug|Any CPU
		{126DEF74-6CD8-430C-AE2E-67CEDADEE66C}.x64|x86.ActiveCfg = Debug|Any CPU
		{126DEF74-6CD8-430C-AE2E-67CEDADEE66C}.x64|x86.Build.0 = Debug|Any CPU
		{126DEF74-6CD8-430C-AE2E-67CEDADEE66C}.x86|Any CPU.ActiveCfg = Debug|Any CPU
		{126DEF74-6CD8-430C-AE2E-67CEDADEE66C}.x86|Any CPU.Build.0 = Debug|Any CPU
		{126DEF74-6CD8-430C-AE2E-67CEDADEE66C}.x86|x64.ActiveCfg = Debug|Any CPU
		{126DEF74-6CD8-430C-AE2E-67CEDADEE66C}.x86|x64.Build.0 = Debug|Any CPU
		{126DEF74-6CD8-430C-AE2E-67CEDADEE66C}.x86|x86.ActiveCfg = Debug|Any CPU
		{126DEF74-6CD8-430C-AE2E-67CEDADEE66C}.x86|x86.Build.0 = Debug|Any CPU
	EndGlobalSection
	GlobalSection(SolutionProperties) = preSolution
		HideSolutionNode = FALSE
	EndGlobalSection
	GlobalSection(ExtensibilityGlobals) = postSolution
		SolutionGuid = {71BD2A80-C90A-4CAF-B729-80D93A4B41C8}
	EndGlobalSection
EndGlobal
